// !$*UTF8*$!
{
	archiveVersion = 1;
	classes = {
	};
	objectVersion = 50;
	objects = {

/* Begin PBXBuildFile section */
		2412F0A425FF50670031EF88 /* Forum.storyboard in Resources */ = {isa = PBXBuildFile; fileRef = 2412F0A325FF50670031EF88 /* Forum.storyboard */; };
		2412F0A825FF50A40031EF88 /* RequirementForm.storyboard in Resources */ = {isa = PBXBuildFile; fileRef = 2412F0A725FF50A40031EF88 /* RequirementForm.storyboard */; };
		2412F0AC25FF50C50031EF88 /* Certificate.storyboard in Resources */ = {isa = PBXBuildFile; fileRef = 2412F0AB25FF50C50031EF88 /* Certificate.storyboard */; };
		2412F0B025FF50EC0031EF88 /* Member.storyboard in Resources */ = {isa = PBXBuildFile; fileRef = 2412F0AF25FF50EC0031EF88 /* Member.storyboard */; };
		2412F0B925FF5D1B0031EF88 /* ForumTVC.swift in Sources */ = {isa = PBXBuildFile; fileRef = 2412F0B825FF5D1B0031EF88 /* ForumTVC.swift */; };
		2412F0BC25FF5F080031EF88 /* ForumCell.swift in Sources */ = {isa = PBXBuildFile; fileRef = 2412F0BB25FF5F080031EF88 /* ForumCell.swift */; };
		2412F0C325FF71FA0031EF88 /* PostReviewCell.swift in Sources */ = {isa = PBXBuildFile; fileRef = 2412F0C225FF71FA0031EF88 /* PostReviewCell.swift */; };
		2419F74D2603D38E00D5F7A0 /* MemberTVC.swift in Sources */ = {isa = PBXBuildFile; fileRef = 2419F74C2603D38E00D5F7A0 /* MemberTVC.swift */; };
		2419F7522603D3F900D5F7A0 /* MemberCell.swift in Sources */ = {isa = PBXBuildFile; fileRef = 2419F7512603D3F900D5F7A0 /* MemberCell.swift */; };
		2419F7552603D40C00D5F7A0 /* MemberVC.swift in Sources */ = {isa = PBXBuildFile; fileRef = 2419F7542603D40C00D5F7A0 /* MemberVC.swift */; };
		2419F7582603D6CE00D5F7A0 /* Member.swift in Sources */ = {isa = PBXBuildFile; fileRef = 2419F7572603D6CE00D5F7A0 /* Member.swift */; };
		242DC953260351E5001EDCC3 /* RequirementFormTVC.swift in Sources */ = {isa = PBXBuildFile; fileRef = 242DC952260351E5001EDCC3 /* RequirementFormTVC.swift */; };
		242DC95726035216001EDCC3 /* RequirementFormCell.swift in Sources */ = {isa = PBXBuildFile; fileRef = 242DC95626035216001EDCC3 /* RequirementFormCell.swift */; };
		242DC95A2603523B001EDCC3 /* RequirementFormVC.swift in Sources */ = {isa = PBXBuildFile; fileRef = 242DC9592603523B001EDCC3 /* RequirementFormVC.swift */; };
		242DC95D2603528C001EDCC3 /* RequirementForm.swift in Sources */ = {isa = PBXBuildFile; fileRef = 242DC95C2603528C001EDCC3 /* RequirementForm.swift */; };
		242DC96126036D12001EDCC3 /* City.swift in Sources */ = {isa = PBXBuildFile; fileRef = 242DC96026036D12001EDCC3 /* City.swift */; };
		243982612601DEAD0081C99B /* CertificateVC.swift in Sources */ = {isa = PBXBuildFile; fileRef = 243982602601DEAD0081C99B /* CertificateVC.swift */; };
		243982652601F54C0081C99B /* Babysitter.swift in Sources */ = {isa = PBXBuildFile; fileRef = 243982642601F54C0081C99B /* Babysitter.swift */; };
		244CA38125FF3A1800FDFD3F /* AppDelegate.swift in Sources */ = {isa = PBXBuildFile; fileRef = 244CA38025FF3A1800FDFD3F /* AppDelegate.swift */; };
		244CA38325FF3A1800FDFD3F /* SceneDelegate.swift in Sources */ = {isa = PBXBuildFile; fileRef = 244CA38225FF3A1800FDFD3F /* SceneDelegate.swift */; };
		244CA38525FF3A1800FDFD3F /* ViewController.swift in Sources */ = {isa = PBXBuildFile; fileRef = 244CA38425FF3A1800FDFD3F /* ViewController.swift */; };
		244CA38825FF3A1800FDFD3F /* Main.storyboard in Resources */ = {isa = PBXBuildFile; fileRef = 244CA38625FF3A1800FDFD3F /* Main.storyboard */; };
		244CA38A25FF3A1A00FDFD3F /* Assets.xcassets in Resources */ = {isa = PBXBuildFile; fileRef = 244CA38925FF3A1A00FDFD3F /* Assets.xcassets */; };
		244CA38D25FF3A1A00FDFD3F /* LaunchScreen.storyboard in Resources */ = {isa = PBXBuildFile; fileRef = 244CA38B25FF3A1A00FDFD3F /* LaunchScreen.storyboard */; };
		24516B432600A10F00FF3CAB /* PostReviewVC.swift in Sources */ = {isa = PBXBuildFile; fileRef = 24516B422600A10F00FF3CAB /* PostReviewVC.swift */; };
		24516B462600A55900FF3CAB /* Reply.swift in Sources */ = {isa = PBXBuildFile; fileRef = 24516B452600A55900FF3CAB /* Reply.swift */; };
		24516B492600D39D00FF3CAB /* CertificateTVC.swift in Sources */ = {isa = PBXBuildFile; fileRef = 24516B482600D39D00FF3CAB /* CertificateTVC.swift */; };
		24516B4C2600D3B800FF3CAB /* CertificateCell.swift in Sources */ = {isa = PBXBuildFile; fileRef = 24516B4B2600D3B800FF3CAB /* CertificateCell.swift */; };
		24516B4F2600D55000FF3CAB /* Certificate.swift in Sources */ = {isa = PBXBuildFile; fileRef = 24516B4E2600D55000FF3CAB /* Certificate.swift */; };
		24D8A89C25FF7CC5006FA7DF /* RemoteAccess.swift in Sources */ = {isa = PBXBuildFile; fileRef = 24D8A89B25FF7CC5006FA7DF /* RemoteAccess.swift */; };
		24D8A8A325FF8FD2006FA7DF /* Post.swift in Sources */ = {isa = PBXBuildFile; fileRef = 24D8A8A225FF8FD2006FA7DF /* Post.swift */; };
/* End PBXBuildFile section */

/* Begin PBXFileReference section */
		2412F0A325FF50670031EF88 /* Forum.storyboard */ = {isa = PBXFileReference; fileEncoding = 4; lastKnownFileType = file.storyboard; path = Forum.storyboard; sourceTree = "<group>"; };
		2412F0A725FF50A40031EF88 /* RequirementForm.storyboard */ = {isa = PBXFileReference; fileEncoding = 4; lastKnownFileType = file.storyboard; path = RequirementForm.storyboard; sourceTree = "<group>"; };
		2412F0AB25FF50C50031EF88 /* Certificate.storyboard */ = {isa = PBXFileReference; fileEncoding = 4; lastKnownFileType = file.storyboard; path = Certificate.storyboard; sourceTree = "<group>"; };
		2412F0AF25FF50EC0031EF88 /* Member.storyboard */ = {isa = PBXFileReference; fileEncoding = 4; lastKnownFileType = file.storyboard; path = Member.storyboard; sourceTree = "<group>"; };
		2412F0B825FF5D1B0031EF88 /* ForumTVC.swift */ = {isa = PBXFileReference; lastKnownFileType = sourcecode.swift; path = ForumTVC.swift; sourceTree = "<group>"; };
		2412F0BB25FF5F080031EF88 /* ForumCell.swift */ = {isa = PBXFileReference; lastKnownFileType = sourcecode.swift; path = ForumCell.swift; sourceTree = "<group>"; };
		2412F0C225FF71FA0031EF88 /* PostReviewCell.swift */ = {isa = PBXFileReference; lastKnownFileType = sourcecode.swift; path = PostReviewCell.swift; sourceTree = "<group>"; };
		2419F74C2603D38E00D5F7A0 /* MemberTVC.swift */ = {isa = PBXFileReference; lastKnownFileType = sourcecode.swift; path = MemberTVC.swift; sourceTree = "<group>"; };
		2419F7512603D3F900D5F7A0 /* MemberCell.swift */ = {isa = PBXFileReference; lastKnownFileType = sourcecode.swift; path = MemberCell.swift; sourceTree = "<group>"; };
		2419F7542603D40C00D5F7A0 /* MemberVC.swift */ = {isa = PBXFileReference; lastKnownFileType = sourcecode.swift; path = MemberVC.swift; sourceTree = "<group>"; };
		2419F7572603D6CE00D5F7A0 /* Member.swift */ = {isa = PBXFileReference; lastKnownFileType = sourcecode.swift; path = Member.swift; sourceTree = "<group>"; };
		242DC952260351E5001EDCC3 /* RequirementFormTVC.swift */ = {isa = PBXFileReference; lastKnownFileType = sourcecode.swift; path = RequirementFormTVC.swift; sourceTree = "<group>"; };
		242DC95626035216001EDCC3 /* RequirementFormCell.swift */ = {isa = PBXFileReference; lastKnownFileType = sourcecode.swift; path = RequirementFormCell.swift; sourceTree = "<group>"; };
		242DC9592603523B001EDCC3 /* RequirementFormVC.swift */ = {isa = PBXFileReference; lastKnownFileType = sourcecode.swift; path = RequirementFormVC.swift; sourceTree = "<group>"; };
		242DC95C2603528C001EDCC3 /* RequirementForm.swift */ = {isa = PBXFileReference; lastKnownFileType = sourcecode.swift; path = RequirementForm.swift; sourceTree = "<group>"; };
		242DC96026036D12001EDCC3 /* City.swift */ = {isa = PBXFileReference; lastKnownFileType = sourcecode.swift; path = City.swift; sourceTree = "<group>"; };
		243982602601DEAD0081C99B /* CertificateVC.swift */ = {isa = PBXFileReference; lastKnownFileType = sourcecode.swift; path = CertificateVC.swift; sourceTree = "<group>"; };
		243982642601F54C0081C99B /* Babysitter.swift */ = {isa = PBXFileReference; lastKnownFileType = sourcecode.swift; path = Babysitter.swift; sourceTree = "<group>"; };
		244CA37D25FF3A1800FDFD3F /* BabysitterMatcher.app */ = {isa = PBXFileReference; explicitFileType = wrapper.application; includeInIndex = 0; path = BabysitterMatcher.app; sourceTree = BUILT_PRODUCTS_DIR; };
		244CA38025FF3A1800FDFD3F /* AppDelegate.swift */ = {isa = PBXFileReference; lastKnownFileType = sourcecode.swift; path = AppDelegate.swift; sourceTree = "<group>"; };
		244CA38225FF3A1800FDFD3F /* SceneDelegate.swift */ = {isa = PBXFileReference; lastKnownFileType = sourcecode.swift; path = SceneDelegate.swift; sourceTree = "<group>"; };
		244CA38425FF3A1800FDFD3F /* ViewController.swift */ = {isa = PBXFileReference; lastKnownFileType = sourcecode.swift; path = ViewController.swift; sourceTree = "<group>"; };
		244CA38725FF3A1800FDFD3F /* Base */ = {isa = PBXFileReference; lastKnownFileType = file.storyboard; name = Base; path = Base.lproj/Main.storyboard; sourceTree = "<group>"; };
		244CA38925FF3A1A00FDFD3F /* Assets.xcassets */ = {isa = PBXFileReference; lastKnownFileType = folder.assetcatalog; path = Assets.xcassets; sourceTree = "<group>"; };
		244CA38C25FF3A1A00FDFD3F /* Base */ = {isa = PBXFileReference; lastKnownFileType = file.storyboard; name = Base; path = Base.lproj/LaunchScreen.storyboard; sourceTree = "<group>"; };
		244CA38E25FF3A1A00FDFD3F /* Info.plist */ = {isa = PBXFileReference; lastKnownFileType = text.plist.xml; path = Info.plist; sourceTree = "<group>"; };
		24516B422600A10F00FF3CAB /* PostReviewVC.swift */ = {isa = PBXFileReference; lastKnownFileType = sourcecode.swift; path = PostReviewVC.swift; sourceTree = "<group>"; };
		24516B452600A55900FF3CAB /* Reply.swift */ = {isa = PBXFileReference; lastKnownFileType = sourcecode.swift; path = Reply.swift; sourceTree = "<group>"; };
		24516B482600D39D00FF3CAB /* CertificateTVC.swift */ = {isa = PBXFileReference; lastKnownFileType = sourcecode.swift; path = CertificateTVC.swift; sourceTree = "<group>"; };
		24516B4B2600D3B800FF3CAB /* CertificateCell.swift */ = {isa = PBXFileReference; lastKnownFileType = sourcecode.swift; path = CertificateCell.swift; sourceTree = "<group>"; };
		24516B4E2600D55000FF3CAB /* Certificate.swift */ = {isa = PBXFileReference; lastKnownFileType = sourcecode.swift; path = Certificate.swift; sourceTree = "<group>"; };
		24D8A89B25FF7CC5006FA7DF /* RemoteAccess.swift */ = {isa = PBXFileReference; lastKnownFileType = sourcecode.swift; path = RemoteAccess.swift; sourceTree = "<group>"; };
		24D8A8A225FF8FD2006FA7DF /* Post.swift */ = {isa = PBXFileReference; lastKnownFileType = sourcecode.swift; path = Post.swift; sourceTree = "<group>"; };
/* End PBXFileReference section */

/* Begin PBXFrameworksBuildPhase section */
		244CA37A25FF3A1800FDFD3F /* Frameworks */ = {
			isa = PBXFrameworksBuildPhase;
			buildActionMask = 2147483647;
			files = (
			);
			runOnlyForDeploymentPostprocessing = 0;
		};
/* End PBXFrameworksBuildPhase section */

/* Begin PBXGroup section */
		244CA37425FF3A1800FDFD3F = {
			isa = PBXGroup;
			children = (
				244CA37F25FF3A1800FDFD3F /* BabysitterMatcher */,
				244CA37E25FF3A1800FDFD3F /* Products */,
			);
			sourceTree = "<group>";
		};
		244CA37E25FF3A1800FDFD3F /* Products */ = {
			isa = PBXGroup;
			children = (
				244CA37D25FF3A1800FDFD3F /* BabysitterMatcher.app */,
			);
			name = Products;
			sourceTree = "<group>";
		};
		244CA37F25FF3A1800FDFD3F /* BabysitterMatcher */ = {
			isa = PBXGroup;
			children = (
				24D8A8A025FF8741006FA7DF /* Bean */,
				24D8A89F25FF82BF006FA7DF /* Common */,
				2462F94425FF4C9F00D7DE0F /* Member */,
				2462F94225FF4C7F00D7DE0F /* Certificate */,
				2462F94125FF4BEF00D7DE0F /* RequirementForm */,
				2462F94025FF4BDD00D7DE0F /* Forum */,
				244CA38025FF3A1800FDFD3F /* AppDelegate.swift */,
				244CA38225FF3A1800FDFD3F /* SceneDelegate.swift */,
				244CA38425FF3A1800FDFD3F /* ViewController.swift */,
				244CA38625FF3A1800FDFD3F /* Main.storyboard */,
				244CA38925FF3A1A00FDFD3F /* Assets.xcassets */,
				244CA38B25FF3A1A00FDFD3F /* LaunchScreen.storyboard */,
				244CA38E25FF3A1A00FDFD3F /* Info.plist */,
			);
			path = BabysitterMatcher;
			sourceTree = "<group>";
		};
		2462F94025FF4BDD00D7DE0F /* Forum */ = {
			isa = PBXGroup;
			children = (
				2412F0A325FF50670031EF88 /* Forum.storyboard */,
				2412F0B825FF5D1B0031EF88 /* ForumTVC.swift */,
				2412F0C225FF71FA0031EF88 /* PostReviewCell.swift */,
				2412F0BB25FF5F080031EF88 /* ForumCell.swift */,
				24516B422600A10F00FF3CAB /* PostReviewVC.swift */,
			);
			path = Forum;
			sourceTree = "<group>";
		};
		2462F94125FF4BEF00D7DE0F /* RequirementForm */ = {
			isa = PBXGroup;
			children = (
				2412F0A725FF50A40031EF88 /* RequirementForm.storyboard */,
				242DC952260351E5001EDCC3 /* RequirementFormTVC.swift */,
				242DC9592603523B001EDCC3 /* RequirementFormVC.swift */,
				242DC95626035216001EDCC3 /* RequirementFormCell.swift */,
			);
			path = RequirementForm;
			sourceTree = "<group>";
		};
		2462F94225FF4C7F00D7DE0F /* Certificate */ = {
			isa = PBXGroup;
			children = (
				2412F0AB25FF50C50031EF88 /* Certificate.storyboard */,
				24516B482600D39D00FF3CAB /* CertificateTVC.swift */,
				24516B4B2600D3B800FF3CAB /* CertificateCell.swift */,
				243982602601DEAD0081C99B /* CertificateVC.swift */,
			);
			path = Certificate;
			sourceTree = "<group>";
		};
		2462F94425FF4C9F00D7DE0F /* Member */ = {
			isa = PBXGroup;
			children = (
				2412F0AF25FF50EC0031EF88 /* Member.storyboard */,
				2419F74C2603D38E00D5F7A0 /* MemberTVC.swift */,
				2419F7512603D3F900D5F7A0 /* MemberCell.swift */,
				2419F7542603D40C00D5F7A0 /* MemberVC.swift */,
			);
			path = Member;
			sourceTree = "<group>";
		};
		24D8A89F25FF82BF006FA7DF /* Common */ = {
			isa = PBXGroup;
			children = (
				24D8A89B25FF7CC5006FA7DF /* RemoteAccess.swift */,
			);
			path = Common;
			sourceTree = "<group>";
		};
		24D8A8A025FF8741006FA7DF /* Bean */ = {
			isa = PBXGroup;
			children = (
				24D8A8A225FF8FD2006FA7DF /* Post.swift */,
				24516B452600A55900FF3CAB /* Reply.swift */,
				24516B4E2600D55000FF3CAB /* Certificate.swift */,
				243982642601F54C0081C99B /* Babysitter.swift */,
				242DC95C2603528C001EDCC3 /* RequirementForm.swift */,
				242DC96026036D12001EDCC3 /* City.swift */,
				2419F7572603D6CE00D5F7A0 /* Member.swift */,
			);
			path = Bean;
			sourceTree = "<group>";
		};
/* End PBXGroup section */

/* Begin PBXNativeTarget section */
		244CA37C25FF3A1800FDFD3F /* BabysitterMatcher */ = {
			isa = PBXNativeTarget;
			buildConfigurationList = 244CA39125FF3A1A00FDFD3F /* Build configuration list for PBXNativeTarget "BabysitterMatcher" */;
			buildPhases = (
				244CA37925FF3A1800FDFD3F /* Sources */,
				244CA37A25FF3A1800FDFD3F /* Frameworks */,
				244CA37B25FF3A1800FDFD3F /* Resources */,
			);
			buildRules = (
			);
			dependencies = (
			);
			name = BabysitterMatcher;
			productName = BabysitterMatcher;
			productReference = 244CA37D25FF3A1800FDFD3F /* BabysitterMatcher.app */;
			productType = "com.apple.product-type.application";
		};
/* End PBXNativeTarget section */

/* Begin PBXProject section */
		244CA37525FF3A1800FDFD3F /* Project object */ = {
			isa = PBXProject;
			attributes = {
				LastSwiftUpdateCheck = 1240;
				LastUpgradeCheck = 1240;
				TargetAttributes = {
					244CA37C25FF3A1800FDFD3F = {
						CreatedOnToolsVersion = 12.4;
					};
				};
			};
			buildConfigurationList = 244CA37825FF3A1800FDFD3F /* Build configuration list for PBXProject "BabysitterMatcher" */;
			compatibilityVersion = "Xcode 9.3";
			developmentRegion = en;
			hasScannedForEncodings = 0;
			knownRegions = (
				en,
				Base,
			);
			mainGroup = 244CA37425FF3A1800FDFD3F;
			productRefGroup = 244CA37E25FF3A1800FDFD3F /* Products */;
			projectDirPath = "";
			projectRoot = "";
			targets = (
				244CA37C25FF3A1800FDFD3F /* BabysitterMatcher */,
			);
		};
/* End PBXProject section */

/* Begin PBXResourcesBuildPhase section */
		244CA37B25FF3A1800FDFD3F /* Resources */ = {
			isa = PBXResourcesBuildPhase;
			buildActionMask = 2147483647;
			files = (
				2412F0A425FF50670031EF88 /* Forum.storyboard in Resources */,
				244CA38D25FF3A1A00FDFD3F /* LaunchScreen.storyboard in Resources */,
				244CA38A25FF3A1A00FDFD3F /* Assets.xcassets in Resources */,
				2412F0A825FF50A40031EF88 /* RequirementForm.storyboard in Resources */,
				2412F0AC25FF50C50031EF88 /* Certificate.storyboard in Resources */,
				244CA38825FF3A1800FDFD3F /* Main.storyboard in Resources */,
				2412F0B025FF50EC0031EF88 /* Member.storyboard in Resources */,
			);
			runOnlyForDeploymentPostprocessing = 0;
		};
/* End PBXResourcesBuildPhase section */

/* Begin PBXSourcesBuildPhase section */
		244CA37925FF3A1800FDFD3F /* Sources */ = {
			isa = PBXSourcesBuildPhase;
			buildActionMask = 2147483647;
			files = (
				244CA38525FF3A1800FDFD3F /* ViewController.swift in Sources */,
				2412F0B925FF5D1B0031EF88 /* ForumTVC.swift in Sources */,
				243982652601F54C0081C99B /* Babysitter.swift in Sources */,
				2412F0C325FF71FA0031EF88 /* PostReviewCell.swift in Sources */,
				242DC95A2603523B001EDCC3 /* RequirementFormVC.swift in Sources */,
				2419F7552603D40C00D5F7A0 /* MemberVC.swift in Sources */,
				24516B4C2600D3B800FF3CAB /* CertificateCell.swift in Sources */,
				2419F7582603D6CE00D5F7A0 /* Member.swift in Sources */,
				242DC96126036D12001EDCC3 /* City.swift in Sources */,
				242DC953260351E5001EDCC3 /* RequirementFormTVC.swift in Sources */,
				24D8A89C25FF7CC5006FA7DF /* RemoteAccess.swift in Sources */,
				244CA38125FF3A1800FDFD3F /* AppDelegate.swift in Sources */,
				2412F0BC25FF5F080031EF88 /* ForumCell.swift in Sources */,
				2419F7522603D3F900D5F7A0 /* MemberCell.swift in Sources */,
				24516B4F2600D55000FF3CAB /* Certificate.swift in Sources */,
				243982612601DEAD0081C99B /* CertificateVC.swift in Sources */,
				242DC95D2603528C001EDCC3 /* RequirementForm.swift in Sources */,
				24D8A8A325FF8FD2006FA7DF /* Post.swift in Sources */,
				244CA38325FF3A1800FDFD3F /* SceneDelegate.swift in Sources */,
				24516B432600A10F00FF3CAB /* PostReviewVC.swift in Sources */,
				24516B462600A55900FF3CAB /* Reply.swift in Sources */,
				24516B492600D39D00FF3CAB /* CertificateTVC.swift in Sources */,
				2419F74D2603D38E00D5F7A0 /* MemberTVC.swift in Sources */,
				242DC95726035216001EDCC3 /* RequirementFormCell.swift in Sources */,
			);
			runOnlyForDeploymentPostprocessing = 0;
		};
/* End PBXSourcesBuildPhase section */

/* Begin PBXVariantGroup section */
		244CA38625FF3A1800FDFD3F /* Main.storyboard */ = {
			isa = PBXVariantGroup;
			children = (
				244CA38725FF3A1800FDFD3F /* Base */,
			);
			name = Main.storyboard;
			sourceTree = "<group>";
		};
		244CA38B25FF3A1A00FDFD3F /* LaunchScreen.storyboard */ = {
			isa = PBXVariantGroup;
			children = (
				244CA38C25FF3A1A00FDFD3F /* Base */,
			);
			name = LaunchScreen.storyboard;
			sourceTree = "<group>";
		};
/* End PBXVariantGroup section */

/* Begin XCBuildConfiguration section */
		244CA38F25FF3A1A00FDFD3F /* Debug */ = {
			isa = XCBuildConfiguration;
			buildSettings = {
				ALWAYS_SEARCH_USER_PATHS = NO;
				CLANG_ANALYZER_NONNULL = YES;
				CLANG_ANALYZER_NUMBER_OBJECT_CONVERSION = YES_AGGRESSIVE;
				CLANG_CXX_LANGUAGE_STANDARD = "gnu++14";
				CLANG_CXX_LIBRARY = "libc++";
				CLANG_ENABLE_MODULES = YES;
				CLANG_ENABLE_OBJC_ARC = YES;
				CLANG_ENABLE_OBJC_WEAK = YES;
				CLANG_WARN_BLOCK_CAPTURE_AUTORELEASING = YES;
				CLANG_WARN_BOOL_CONVERSION = YES;
				CLANG_WARN_COMMA = YES;
				CLANG_WARN_CONSTANT_CONVERSION = YES;
				CLANG_WARN_DEPRECATED_OBJC_IMPLEMENTATIONS = YES;
				CLANG_WARN_DIRECT_OBJC_ISA_USAGE = YES_ERROR;
				CLANG_WARN_DOCUMENTATION_COMMENTS = YES;
				CLANG_WARN_EMPTY_BODY = YES;
				CLANG_WARN_ENUM_CONVERSION = YES;
				CLANG_WARN_INFINITE_RECURSION = YES;
				CLANG_WARN_INT_CONVERSION = YES;
				CLANG_WARN_NON_LITERAL_NULL_CONVERSION = YES;
				CLANG_WARN_OBJC_IMPLICIT_RETAIN_SELF = YES;
				CLANG_WARN_OBJC_LITERAL_CONVERSION = YES;
				CLANG_WARN_OBJC_ROOT_CLASS = YES_ERROR;
				CLANG_WARN_QUOTED_INCLUDE_IN_FRAMEWORK_HEADER = YES;
				CLANG_WARN_RANGE_LOOP_ANALYSIS = YES;
				CLANG_WARN_STRICT_PROTOTYPES = YES;
				CLANG_WARN_SUSPICIOUS_MOVE = YES;
				CLANG_WARN_UNGUARDED_AVAILABILITY = YES_AGGRESSIVE;
				CLANG_WARN_UNREACHABLE_CODE = YES;
				CLANG_WARN__DUPLICATE_METHOD_MATCH = YES;
				COPY_PHASE_STRIP = NO;
				DEBUG_INFORMATION_FORMAT = dwarf;
				ENABLE_STRICT_OBJC_MSGSEND = YES;
				ENABLE_TESTABILITY = YES;
				GCC_C_LANGUAGE_STANDARD = gnu11;
				GCC_DYNAMIC_NO_PIC = NO;
				GCC_NO_COMMON_BLOCKS = YES;
				GCC_OPTIMIZATION_LEVEL = 0;
				GCC_PREPROCESSOR_DEFINITIONS = (
					"DEBUG=1",
					"$(inherited)",
				);
				GCC_WARN_64_TO_32_BIT_CONVERSION = YES;
				GCC_WARN_ABOUT_RETURN_TYPE = YES_ERROR;
				GCC_WARN_UNDECLARED_SELECTOR = YES;
				GCC_WARN_UNINITIALIZED_AUTOS = YES_AGGRESSIVE;
				GCC_WARN_UNUSED_FUNCTION = YES;
				GCC_WARN_UNUSED_VARIABLE = YES;
				IPHONEOS_DEPLOYMENT_TARGET = 14.4;
				MTL_ENABLE_DEBUG_INFO = INCLUDE_SOURCE;
				MTL_FAST_MATH = YES;
				ONLY_ACTIVE_ARCH = YES;
				SDKROOT = iphoneos;
				SWIFT_ACTIVE_COMPILATION_CONDITIONS = DEBUG;
				SWIFT_OPTIMIZATION_LEVEL = "-Onone";
			};
			name = Debug;
		};
		244CA39025FF3A1A00FDFD3F /* Release */ = {
			isa = XCBuildConfiguration;
			buildSettings = {
				ALWAYS_SEARCH_USER_PATHS = NO;
				CLANG_ANALYZER_NONNULL = YES;
				CLANG_ANALYZER_NUMBER_OBJECT_CONVERSION = YES_AGGRESSIVE;
				CLANG_CXX_LANGUAGE_STANDARD = "gnu++14";
				CLANG_CXX_LIBRARY = "libc++";
				CLANG_ENABLE_MODULES = YES;
				CLANG_ENABLE_OBJC_ARC = YES;
				CLANG_ENABLE_OBJC_WEAK = YES;
				CLANG_WARN_BLOCK_CAPTURE_AUTORELEASING = YES;
				CLANG_WARN_BOOL_CONVERSION = YES;
				CLANG_WARN_COMMA = YES;
				CLANG_WARN_CONSTANT_CONVERSION = YES;
				CLANG_WARN_DEPRECATED_OBJC_IMPLEMENTATIONS = YES;
				CLANG_WARN_DIRECT_OBJC_ISA_USAGE = YES_ERROR;
				CLANG_WARN_DOCUMENTATION_COMMENTS = YES;
				CLANG_WARN_EMPTY_BODY = YES;
				CLANG_WARN_ENUM_CONVERSION = YES;
				CLANG_WARN_INFINITE_RECURSION = YES;
				CLANG_WARN_INT_CONVERSION = YES;
				CLANG_WARN_NON_LITERAL_NULL_CONVERSION = YES;
				CLANG_WARN_OBJC_IMPLICIT_RETAIN_SELF = YES;
				CLANG_WARN_OBJC_LITERAL_CONVERSION = YES;
				CLANG_WARN_OBJC_ROOT_CLASS = YES_ERROR;
				CLANG_WARN_QUOTED_INCLUDE_IN_FRAMEWORK_HEADER = YES;
				CLANG_WARN_RANGE_LOOP_ANALYSIS = YES;
				CLANG_WARN_STRICT_PROTOTYPES = YES;
				CLANG_WARN_SUSPICIOUS_MOVE = YES;
				CLANG_WARN_UNGUARDED_AVAILABILITY = YES_AGGRESSIVE;
				CLANG_WARN_UNREACHABLE_CODE = YES;
				CLANG_WARN__DUPLICATE_METHOD_MATCH = YES;
				COPY_PHASE_STRIP = NO;
				DEBUG_INFORMATION_FORMAT = "dwarf-with-dsym";
				ENABLE_NS_ASSERTIONS = NO;
				ENABLE_STRICT_OBJC_MSGSEND = YES;
				GCC_C_LANGUAGE_STANDARD = gnu11;
				GCC_NO_COMMON_BLOCKS = YES;
				GCC_WARN_64_TO_32_BIT_CONVERSION = YES;
				GCC_WARN_ABOUT_RETURN_TYPE = YES_ERROR;
				GCC_WARN_UNDECLARED_SELECTOR = YES;
				GCC_WARN_UNINITIALIZED_AUTOS = YES_AGGRESSIVE;
				GCC_WARN_UNUSED_FUNCTION = YES;
				GCC_WARN_UNUSED_VARIABLE = YES;
				IPHONEOS_DEPLOYMENT_TARGET = 14.4;
				MTL_ENABLE_DEBUG_INFO = NO;
				MTL_FAST_MATH = YES;
				SDKROOT = iphoneos;
				SWIFT_COMPILATION_MODE = wholemodule;
				SWIFT_OPTIMIZATION_LEVEL = "-O";
				VALIDATE_PRODUCT = YES;
			};
			name = Release;
		};
		244CA39225FF3A1A00FDFD3F /* Debug */ = {
			isa = XCBuildConfiguration;
			buildSettings = {
				ASSETCATALOG_COMPILER_APPICON_NAME = AppIcon;
				ASSETCATALOG_COMPILER_GLOBAL_ACCENT_COLOR_NAME = AccentColor;
				CODE_SIGN_STYLE = Automatic;
				DEVELOPMENT_TEAM = M2C365PDF2;
				INFOPLIST_FILE = BabysitterMatcher/Info.plist;
				LD_RUNPATH_SEARCH_PATHS = (
					"$(inherited)",
					"@executable_path/Frameworks",
				);
				PRODUCT_BUNDLE_IDENTIFIER = com.angus.BabysitterMatcher;
				PRODUCT_NAME = "$(TARGET_NAME)";
				SWIFT_VERSION = 5.0;
				TARGETED_DEVICE_FAMILY = "1,2";
			};
			name = Debug;
		};
		244CA39325FF3A1A00FDFD3F /* Release */ = {
			isa = XCBuildConfiguration;
			buildSettings = {
				ASSETCATALOG_COMPILER_APPICON_NAME = AppIcon;
				ASSETCATALOG_COMPILER_GLOBAL_ACCENT_COLOR_NAME = AccentColor;
				CODE_SIGN_STYLE = Automatic;
				DEVELOPMENT_TEAM = M2C365PDF2;
				INFOPLIST_FILE = BabysitterMatcher/Info.plist;
				LD_RUNPATH_SEARCH_PATHS = (
					"$(inherited)",
					"@executable_path/Frameworks",
				);
				PRODUCT_BUNDLE_IDENTIFIER = com.angus.BabysitterMatcher;
				PRODUCT_NAME = "$(TARGET_NAME)";
				SWIFT_VERSION = 5.0;
				TARGETED_DEVICE_FAMILY = "1,2";
			};
			name = Release;
		};
/* End XCBuildConfiguration section */

/* Begin XCConfigurationList section */
		244CA37825FF3A1800FDFD3F /* Build configuration list for PBXProject "BabysitterMatcher" */ = {
			isa = XCConfigurationList;
			buildConfigurations = (
				244CA38F25FF3A1A00FDFD3F /* Debug */,
				244CA39025FF3A1A00FDFD3F /* Release */,
			);
			defaultConfigurationIsVisible = 0;
			defaultConfigurationName = Release;
		};
		244CA39125FF3A1A00FDFD3F /* Build configuration list for PBXNativeTarget "BabysitterMatcher" */ = {
			isa = XCConfigurationList;
			buildConfigurations = (
				244CA39225FF3A1A00FDFD3F /* Debug */,
				244CA39325FF3A1A00FDFD3F /* Release */,
			);
			defaultConfigurationIsVisible = 0;
			defaultConfigurationName = Release;
		};
/* End XCConfigurationList section */
	};
	rootObject = 244CA37525FF3A1800FDFD3F /* Project object */;
}
